<?xml version="1.0" encoding="utf-8"?>
<Project ToolsVersion="4.0" xmlns="http://schemas.microsoft.com/developer/msbuild/2003">
  <ItemGroup>
    <Filter Include="Source Files">
      <UniqueIdentifier>{4FC737F1-C7A5-4376-A066-2A32D752A2FF}</UniqueIdentifier>
      <Extensions>cpp;c;cc;cxx;c++;cppm;ixx;def;odl;idl;hpj;bat;asm;asmx</Extensions>
    </Filter>
    <Filter Include="Header Files">
      <UniqueIdentifier>{93995380-89BD-4b04-88EB-625FBE52EBFB}</UniqueIdentifier>
      <Extensions>h;hh;hpp;hxx;h++;hm;inl;inc;ipp;xsd</Extensions>
    </Filter>
    <Filter Include="Resource Files">
      <UniqueIdentifier>{67DA6AB6-F800-4c08-8B7A-83BB121AAD01}</UniqueIdentifier>
      <Extensions>rc;ico;cur;bmp;dlg;rc2;rct;bin;rgs;gif;jpg;jpeg;jpe;resx;tiff;tif;png;wav;mfcribbon-ms</Extensions>
    </Filter>
    <Filter Include="Header Files\DataStructures">
      <UniqueIdentifier>{95e2cf24-383a-42da-bfe3-17f1c0d8fd61}</UniqueIdentifier>
    </Filter>
    <Filter Include="Header Files\Controller">
      <UniqueIdentifier>{7ebf0f94-3e0e-4f5b-9050-830d0254df8d}</UniqueIdentifier>
    </Filter>
    <Filter Include="Header Files\Entities">
      <UniqueIdentifier>{e7a589d0-6be2-45c7-b2c9-d98b20f6a219}</UniqueIdentifier>
    </Filter>
    <Filter Include="Header Files\Utils">
      <UniqueIdentifier>{59598c44-f548-402c-9188-a00780e72c35}</UniqueIdentifier>
    </Filter>
    <Filter Include="Header Files\Screens">
      <UniqueIdentifier>{e6e45ad0-60c3-4742-88e4-fa9ed080def8}</UniqueIdentifier>
    </Filter>
    <Filter Include="Header Files\Persistence">
      <UniqueIdentifier>{b1b8deba-26bb-4e19-9af0-e36dc6d469fd}</UniqueIdentifier>
    </Filter>
  </ItemGroup>
  <ItemGroup>
    <ClCompile Include="Source\CourseraCloneApp.cpp">
      <Filter>Source Files</Filter>
    </ClCompile>
  </ItemGroup>
  <ItemGroup>
    <None Include="README.md" />
    <None Include="Resources\Documentation\Plan de implementacion.md" />
    <None Include="Resources\Documentation\Guia de Estilo de Codigo.md" />
  </ItemGroup>
  <ItemGroup>
    <ClInclude Include="Headers\Controllers\CourseManager.hpp">
      <Filter>Header Files\Controller</Filter>
    </ClInclude>
    <ClInclude Include="Headers\Controllers\MainController.hpp">
      <Filter>Header Files\Controller</Filter>
    </ClInclude>
    <ClInclude Include="Headers\DataStructures\algoritmosOrdenamiento.h">
      <Filter>Header Files\DataStructures</Filter>
    </ClInclude>
    <ClInclude Include="Headers\DataStructures\BinaryHeap.h">
      <Filter>Header Files\DataStructures</Filter>
    </ClInclude>
    <ClInclude Include="Headers\DataStructures\BinarySearchTree.h">
      <Filter>Header Files\DataStructures</Filter>
    </ClInclude>
    <ClInclude Include="Headers\DataStructures\HashEntity.h">
      <Filter>Header Files\DataStructures</Filter>
    </ClInclude>
    <ClInclude Include="Headers\DataStructures\HashTable.h">
      <Filter>Header Files\DataStructures</Filter>
    </ClInclude>
    <ClInclude Include="Headers\DataStructures\LinkedList.h">
      <Filter>Header Files\DataStructures</Filter>
    </ClInclude>
    <ClInclude Include="Headers\DataStructures\Nodo.h">
      <Filter>Header Files\DataStructures</Filter>
    </ClInclude>
    <ClInclude Include="Headers\DataStructures\PriorityQueue.h">
      <Filter>Header Files\DataStructures</Filter>
    </ClInclude>
    <ClInclude Include="Headers\DataStructures\Queue.h">
      <Filter>Header Files\DataStructures</Filter>
    </ClInclude>
    <ClInclude Include="Headers\DataStructures\Stack.h">
      <Filter>Header Files\DataStructures</Filter>
    </ClInclude>
    <ClInclude Include="Headers\Entities\Actividad.h">
      <Filter>Header Files\Entities</Filter>
    </ClInclude>
    <ClInclude Include="Headers\Entities\Boleta.h">
      <Filter>Header Files\Entities</Filter>
    </ClInclude>
    <ClInclude Include="Headers\Entities\Clase.h">
      <Filter>Header Files\Entities</Filter>
    </ClInclude>
    <ClInclude Include="Headers\Entities\Curso.h">
      <Filter>Header Files\Entities</Filter>
    </ClInclude>
    <ClInclude Include="Headers\Entities\Empresa.h">
      <Filter>Header Files\Entities</Filter>
    </ClInclude>
    <ClInclude Include="Headers\Entities\Especializacion.h">
      <Filter>Header Files\Entities</Filter>
    </ClInclude>
    <ClInclude Include="Headers\Entities\Estudiante.h">
      <Filter>Header Files\Entities</Filter>
    </ClInclude>
    <ClInclude Include="Headers\Entities\Inscripcion.h">
      <Filter>Header Files\Entities</Filter>
    </ClInclude>
    <ClInclude Include="Headers\Entities\Usuario.hpp">
      <Filter>Header Files\Entities</Filter>
    </ClInclude>
    <ClInclude Include="Headers\Entities\Venta.h">
      <Filter>Header Files\Entities</Filter>
    </ClInclude>
    <ClInclude Include="Headers\Screens\DashboardEstudianteScreen.h">
      <Filter>Header Files\Screens</Filter>
    </ClInclude>
    <ClInclude Include="Headers\Screens\DashboardOrganizacionScreen.h">
      <Filter>Header Files\Screens</Filter>
    </ClInclude>
    <ClInclude Include="Headers\Screens\EditarPerfilScreen.h">
      <Filter>Header Files\Screens</Filter>
    </ClInclude>
    <ClInclude Include="Headers\Screens\ExplorarContenidoScreen.h">
      <Filter>Header Files\Screens</Filter>
    </ClInclude>
    <ClInclude Include="Headers\Screens\LandingPageScreen.hpp">
      <Filter>Header Files\Screens</Filter>
    </ClInclude>
    <ClInclude Include="Headers\Screens\LoginScreen.h">
      <Filter>Header Files\Screens</Filter>
    </ClInclude>
    <ClInclude Include="Headers\Screens\MostrarCursoScreen.h">
      <Filter>Header Files\Screens</Filter>
    </ClInclude>
    <ClInclude Include="Headers\Screens\MostrarEspecialidadScreen.h">
      <Filter>Header Files\Screens</Filter>
    </ClInclude>
    <ClInclude Include="Headers\Screens\PerfilEstudianteScreen.h">
      <Filter>Header Files\Screens</Filter>
    </ClInclude>
    <ClInclude Include="Headers\Screens\PerfilOrganizacionScreen.h">
      <Filter>Header Files\Screens</Filter>
    </ClInclude>
    <ClInclude Include="Headers\Screens\RegistroScreen.h">
      <Filter>Header Files\Screens</Filter>
    </ClInclude>
    <ClInclude Include="Headers\Screens\VerBoletasScreen.h">
      <Filter>Header Files\Screens</Filter>
    </ClInclude>
    <ClInclude Include="Headers\Utils\ScreenSystem.hpp">
      <Filter>Header Files\Utils</Filter>
    </ClInclude>
    <ClInclude Include="Headers\Utils\SystemUtils.h">
      <Filter>Header Files\Utils</Filter>
    </ClInclude>
    <ClInclude Include="Headers\Utils\UI_Ascii.h">
      <Filter>Header Files\Utils</Filter>
    </ClInclude>
    <ClInclude Include="Headers\Persistence\FilesManager.hpp">
      <Filter>Header Files\Persistence</Filter>
    </ClInclude>
    <ClInclude Include="Headers\Persistence\UsuarioTypes.hpp">
      <Filter>Header Files\Persistence</Filter>
    </ClInclude>
    <ClInclude Include="Headers\DataStructures\algoritmosBusqueda.hpp">
      <Filter>Header Files\DataStructures</Filter>
    </ClInclude>
  </ItemGroup>
</Project>