<?xml version="1.0" encoding="utf-8"?>
<Project ToolsVersion="4.0" xmlns="http://schemas.microsoft.com/developer/msbuild/2003">
  <ItemGroup>
    <Filter Include="Source Files">
      <UniqueIdentifier>{4FC737F1-C7A5-4376-A066-2A32D752A2FF}</UniqueIdentifier>
      <Extensions>cpp;c;cc;cxx;c++;cppm;ixx;def;odl;idl;hpj;bat;asm;asmx</Extensions>
    </Filter>
    <Filter Include="Header Files">
      <UniqueIdentifier>{93995380-89BD-4b04-88EB-625FBE52EBFB}</UniqueIdentifier>
      <Extensions>h;hh;hpp;hxx;h++;hm;inl;inc;ipp;xsd</Extensions>
    </Filter>
    <Filter Include="Resource Files">
      <UniqueIdentifier>{67DA6AB6-F800-4c08-8B7A-83BB121AAD01}</UniqueIdentifier>
      <Extensions>rc;ico;cur;bmp;dlg;rc2;rct;bin;rgs;gif;jpg;jpeg;jpe;resx;tiff;tif;png;wav;mfcribbon-ms</Extensions>
    </Filter>
    <Filter Include="Header Files\DataStructures">
      <UniqueIdentifier>{95e2cf24-383a-42da-bfe3-17f1c0d8fd61}</UniqueIdentifier>
    </Filter>
    <Filter Include="Header Files\Entities">
      <UniqueIdentifier>{e7a589d0-6be2-45c7-b2c9-d98b20f6a219}</UniqueIdentifier>
    </Filter>
    <Filter Include="Header Files\Utils">
      <UniqueIdentifier>{59598c44-f548-402c-9188-a00780e72c35}</UniqueIdentifier>
    </Filter>
    <Filter Include="Header Files\Screens">
      <UniqueIdentifier>{e6e45ad0-60c3-4742-88e4-fa9ed080def8}</UniqueIdentifier>
    </Filter>
    <Filter Include="Header Files\Controllers">
      <UniqueIdentifier>{7ebf0f94-3e0e-4f5b-9050-830d0254df8d}</UniqueIdentifier>
    </Filter>
    <Filter Include="Header Files\Types">
      <UniqueIdentifier>{b1b8deba-26bb-4e19-9af0-e36dc6d469fd}</UniqueIdentifier>
    </Filter>
    <Filter Include="Documentation">
      <UniqueIdentifier>{d4e1b8c2-7a3f-4d5e-9b8c-1a2b3c4d5e6f}</UniqueIdentifier>
    </Filter>
  </ItemGroup>
  <ItemGroup>
    <ClCompile Include="Source\CourseraCloneApp.cpp">
      <Filter>Source Files</Filter>
    </ClCompile>
  </ItemGroup>
  <ItemGroup>
    <None Include="README.md">
      <Filter>Documentation</Filter>
    </None>
    <None Include="Resources\Documentation\Plan de implementacion.md">
      <Filter>Documentation</Filter>
    </None>
    <None Include="Resources\Documentation\Guia de Estilo de Codigo.md">
      <Filter>Documentation</Filter>
    </None>
    <None Include="Resources\Documentation\Entendiendo el proyecto.md">
      <Filter>Documentation</Filter>
    </None>
    <None Include="Resources\Documentation\Paleta de Colores Coursera.md">
      <Filter>Documentation</Filter>
    </None>
    <None Include="Resources\Documentation\Resumen_Actualizacion_Documentacion.md">
      <Filter>Documentation</Filter>
    </None>
  </ItemGroup>
  <ItemGroup>
    <ClInclude Include="Headers\Controllers\ContentManager.hpp">
      <Filter>Header Files\Controllers</Filter>
    </ClInclude>
    <ClInclude Include="Headers\Controllers\MainController.hpp">
      <Filter>Header Files\Controllers</Filter>
    </ClInclude>
    <ClInclude Include="Headers\DataStructures\algoritmosOrdenamiento.hpp">
      <Filter>Header Files\DataStructures</Filter>
    </ClInclude>
    <ClInclude Include="Headers\DataStructures\BinaryHeap.hpp">
      <Filter>Header Files\DataStructures</Filter>
    </ClInclude>
    <ClInclude Include="Headers\DataStructures\BinarySearchTree.hpp">
      <Filter>Header Files\DataStructures</Filter>
    </ClInclude>
    <ClInclude Include="Headers\DataStructures\HashTableMethods.hpp">
      <Filter>Header Files\DataStructures</Filter>
    </ClInclude>
    <ClInclude Include="Headers\DataStructures\LinkedList.hpp">
      <Filter>Header Files\DataStructures</Filter>
    </ClInclude>
    <ClInclude Include="Headers\DataStructures\Nodo.hpp">
      <Filter>Header Files\DataStructures</Filter>
    </ClInclude>
    <ClInclude Include="Headers\DataStructures\PriorityQueue.hpp">
      <Filter>Header Files\DataStructures</Filter>
    </ClInclude>
    <ClInclude Include="Headers\DataStructures\Queue.hpp">
      <Filter>Header Files\DataStructures</Filter>
    </ClInclude>
    <ClInclude Include="Headers\DataStructures\Stack.hpp">
      <Filter>Header Files\DataStructures</Filter>
    </ClInclude>
    <ClInclude Include="Headers\Entities\Actividad.hpp">
      <Filter>Header Files\Entities</Filter>
    </ClInclude>
    <ClInclude Include="Headers\Entities\ComprobanteDePago.hpp">
      <Filter>Header Files\Entities</Filter>
    </ClInclude>
    <ClInclude Include="Headers\Entities\Clase.hpp">
      <Filter>Header Files\Entities</Filter>
    </ClInclude>
    <ClInclude Include="Headers\Entities\Curso.hpp">
      <Filter>Header Files\Entities</Filter>
    </ClInclude>
    <ClInclude Include="Headers\Entities\Empresa.hpp">
      <Filter>Header Files\Entities</Filter>
    </ClInclude>
    <ClInclude Include="Headers\Entities\Especializacion.hpp">
      <Filter>Header Files\Entities</Filter>
    </ClInclude>
    <ClInclude Include="Headers\Entities\Estudiante.hpp">
      <Filter>Header Files\Entities</Filter>
    </ClInclude>
    <ClInclude Include="Headers\Entities\Inscripcion.hpp">
      <Filter>Header Files\Entities</Filter>
    </ClInclude>
    <ClInclude Include="Headers\Entities\Usuario.hpp">
      <Filter>Header Files\Entities</Filter>
    </ClInclude>
    <ClInclude Include="Headers\Entities\Venta.hpp">
      <Filter>Header Files\Entities</Filter>
    </ClInclude>
    <ClInclude Include="Headers\Screens\DashboardEstudianteScreen.hpp">
      <Filter>Header Files\Screens</Filter>
    </ClInclude>
    <ClInclude Include="Headers\Screens\DashboardOrganizacionScreen.hpp">
      <Filter>Header Files\Screens</Filter>
    </ClInclude>
    <ClInclude Include="Headers\Screens\EditarPerfilScreen.hpp">
      <Filter>Header Files\Screens</Filter>
    </ClInclude>
    <ClInclude Include="Headers\Screens\ExplorarContenidoScreen.hpp">
      <Filter>Header Files\Screens</Filter>
    </ClInclude>
    <ClInclude Include="Headers\Screens\GestionarOfertasScreen.hpp">
      <Filter>Header Files\Screens</Filter>
    </ClInclude>
    <ClInclude Include="Headers\Screens\LandingPageScreen.hpp">
      <Filter>Header Files\Screens</Filter>
    </ClInclude>
    <ClInclude Include="Headers\Screens\LoginScreen.hpp">
      <Filter>Header Files\Screens</Filter>
    </ClInclude>
    <ClInclude Include="Headers\Screens\MostrarCursoScreen.hpp">
      <Filter>Header Files\Screens</Filter>
    </ClInclude>
    <ClInclude Include="Headers\Screens\MostrarEspecialidadScreen.hpp">
      <Filter>Header Files\Screens</Filter>
    </ClInclude>
    <ClInclude Include="Headers\Screens\PerfilEstudianteScreen.hpp">
      <Filter>Header Files\Screens</Filter>
    </ClInclude>
    <ClInclude Include="Headers\Screens\PerfilOrganizacionScreen.hpp">
      <Filter>Header Files\Screens</Filter>
    </ClInclude>
    <ClInclude Include="Headers\Screens\RegistroScreen.hpp">
      <Filter>Header Files\Screens</Filter>
    </ClInclude>
    <ClInclude Include="Headers\Screens\VerBoletasScreen.hpp">
      <Filter>Header Files\Screens</Filter>
    </ClInclude>
    <ClInclude Include="Headers\Utils\ScreenSystem.hpp">
      <Filter>Header Files\Utils</Filter>
    </ClInclude>
    <ClInclude Include="Headers\Utils\SystemUtils.hpp">
      <Filter>Header Files\Utils</Filter>
    </ClInclude>
    <ClInclude Include="Headers\Utils\UI_Ascii.hpp">
      <Filter>Header Files\Utils</Filter>
    </ClInclude>
    <ClInclude Include="Headers\Types\UsuarioTypes.hpp">
      <Filter>Header Files\Types</Filter>
    </ClInclude>
    <ClInclude Include="Headers\DataStructures\algoritmosBusqueda.hpp">
      <Filter>Header Files\DataStructures</Filter>
    </ClInclude>
    <ClInclude Include="Headers\Types\InscripcionTypes.hpp">
      <Filter>Header Files\Types</Filter>
    </ClInclude>
    <ClInclude Include="Headers\Types\ComprobanteDePagoTypes.hpp">
      <Filter>Header Files\Types</Filter>
    </ClInclude>
    <ClInclude Include="Headers\Utils\DataPaths.hpp">
      <Filter>Header Files\Utils</Filter>
    </ClInclude>
    <ClInclude Include="Headers\Controllers\FilesManager.hpp">
      <Filter>Header Files\Controllers</Filter>
    </ClInclude>
    <ClInclude Include="Headers\Types\ActividadTypes.hpp">
      <Filter>Header Files\Types</Filter>
    </ClInclude>
    <ClInclude Include="Headers\Types\ScreenTypes.hpp">
      <Filter>Header Files\Types</Filter>
    </ClInclude>
    <ClInclude Include="Headers\Types\FilesTypes.hpp">
      <Filter>Header Files\Types</Filter>
    </ClInclude>
    <ClInclude Include="Headers\Utils\ColorPalette.hpp">
      <Filter>Header Files\Utils</Filter>
    </ClInclude>
    <ClInclude Include="Headers\Utils\ConsoleConfig.hpp">
      <Filter>Header Files\Utils</Filter>
    </ClInclude>
    <ClInclude Include="Headers\Utils\ConsoleRenderer.hpp">
      <Filter>Header Files\Utils</Filter>
    </ClInclude>
    <ClInclude Include="Headers\Utils\ConsoleTypes.hpp">
      <Filter>Header Files\Utils</Filter>
    </ClInclude>
    <ClInclude Include="Headers\Utils\ContentGenerator.hpp">
      <Filter>Header Files\Utils</Filter>
    </ClInclude>
    <ClInclude Include="Headers\Utils\InputUtils.hpp">
      <Filter>Header Files\Utils</Filter>
    </ClInclude>
    <ClInclude Include="Headers\Utils\ValidationUtils.hpp">
      <Filter>Header Files\Utils</Filter>
    </ClInclude>
    <ClInclude Include="Headers\DataStructures\NodoAVL.hpp">
      <Filter>Header Files\DataStructures</Filter>
    </ClInclude>
    <ClInclude Include="Headers\DataStructures\ArbolAVL.hpp">
      <Filter>Header Files\DataStructures</Filter>
    </ClInclude>
    <ClInclude Include="Headers\Controllers\InscripcionesController.hpp">
      <Filter>Header Files\Controllers</Filter>
    </ClInclude>
    <ClInclude Include="Headers\Utils\Lambda.hpp">
      <Filter>Header Files\Utils</Filter>
    </ClInclude>
    <ClInclude Include="Headers\Screens\AgregarMetodoPagoScreen.hpp">
      <Filter>Header Files\Screens</Filter>
    </ClInclude>
    <ClInclude Include="Headers\Screens\CrearContenidoScreen.hpp">
      <Filter>Header Files\Screens</Filter>
    </ClInclude>
    <ClInclude Include="Headers\Screens\CrearOfertaScreen.hpp">
      <Filter>Header Files\Screens</Filter>
    </ClInclude>
    <ClInclude Include="Headers\Screens\ListarContenidoScreen.hpp">
      <Filter>Header Files\Screens</Filter>
    </ClInclude>
    <ClInclude Include="Headers\Screens\ProcesarPagoScreen.hpp">
      <Filter>Header Files\Screens</Filter>
    </ClInclude>
    <ClInclude Include="Headers\Screens\SobreNosotrosScreen.hpp">
      <Filter>Header Files\Screens</Filter>
    </ClInclude>
    <ClInclude Include="Headers\Controllers\SessionManager.hpp">
      <Filter>Header Files\Controllers</Filter>
    </ClInclude>
    <ClInclude Include="Headers\Utils\DateTime.hpp">
      <Filter>Header Files\Utils</Filter>
    </ClInclude>
    <ClInclude Include="Headers\Controllers\ActividadesController.hpp">
      <Filter>Header Files\Controllers</Filter>
    </ClInclude>
    <ClInclude Include="Headers\Screens\VerCertificadosScreen.hpp">
      <Filter>Header Files\Screens</Filter>
    </ClInclude>
    <ClInclude Include="Headers\Screens\VerOfertasScreen.hpp">
      <Filter>Header Files\Screens</Filter>
    </ClInclude>
    <ClInclude Include="Headers\Screens\EstadisticasEmpresaScreen.hpp">
      <Filter>Header Files\Screens</Filter>
    </ClInclude>
  </ItemGroup>
</Project>